// !$*UTF8*$!
{
	archiveVersion = 1;
	classes = {
	};
	objectVersion = 51;
	objects = {

/* Begin PBXBuildFile section */
		6AF58710F6F4704A0DDB54DA /* (null) in Frameworks */ = {isa = PBXBuildFile; };
		7DADA52CAB5875BF3F6E6C18 /* Pods_HHMedicineDemo.framework in Frameworks */ = {isa = PBXBuildFile; fileRef = 8DDC581BA681F3017F965202 /* Pods_HHMedicineDemo.framework */; };
		8CDC226071D1655432DC3BCC /* Pods_HHMSDKDemo.framework in Frameworks */ = {isa = PBXBuildFile; fileRef = B8EF2823F6F38130867DF23A /* Pods_HHMSDKDemo.framework */; };
		952594822293906E00053058 /* HHWebBrowser.swift in Sources */ = {isa = PBXBuildFile; fileRef = 952594812293906E00053058 /* HHWebBrowser.swift */; };
		95259486229392B200053058 /* UIView+xib.swift in Sources */ = {isa = PBXBuildFile; fileRef = 95CC5FCF20D8A64100310344 /* UIView+xib.swift */; };
		95259487229392B200053058 /* HHWebBrowser.swift in Sources */ = {isa = PBXBuildFile; fileRef = 952594812293906E00053058 /* HHWebBrowser.swift */; };
		95259488229392B200053058 /* NormalCallVC.swift in Sources */ = {isa = PBXBuildFile; fileRef = 95F31C4220D0F8C9000BDAC4 /* NormalCallVC.swift */; };
		9525948C229392B200053058 /* CallDelegateVC.swift in Sources */ = {isa = PBXBuildFile; fileRef = 95F31C5220D20980000BDAC4 /* CallDelegateVC.swift */; };
		9525948E229392B200053058 /* CoreMotion.framework in Frameworks */ = {isa = PBXBuildFile; fileRef = 95844E302153A4E800D836F1 /* CoreMotion.framework */; };
		95259491229392B200053058 /* LaunchScreen.storyboard in Resources */ = {isa = PBXBuildFile; fileRef = 95F31C4920D0F8CA000BDAC4 /* LaunchScreen.storyboard */; };
		95259492229392B200053058 /* Assets.xcassets in Resources */ = {isa = PBXBuildFile; fileRef = 95F31C4720D0F8CA000BDAC4 /* Assets.xcassets */; };
		9525949F22939CD000053058 /* AppMedicineDelegate.swift in Sources */ = {isa = PBXBuildFile; fileRef = 9525949E22939CD000053058 /* AppMedicineDelegate.swift */; };
		952594A122939E5500053058 /* Main.storyboard in Resources */ = {isa = PBXBuildFile; fileRef = 952594A022939E5500053058 /* Main.storyboard */; };
		952594A322939F4B00053058 /* ScreenListVC.swift in Sources */ = {isa = PBXBuildFile; fileRef = 952594A222939F4B00053058 /* ScreenListVC.swift */; };
		952594A52293A30E00053058 /* LoginVC.swift in Sources */ = {isa = PBXBuildFile; fileRef = 952594A42293A30E00053058 /* LoginVC.swift */; };
		95844E312153A4E800D836F1 /* CoreMotion.framework in Frameworks */ = {isa = PBXBuildFile; fileRef = 95844E302153A4E800D836F1 /* CoreMotion.framework */; };
		95CC5FD020D8A64100310344 /* UIView+xib.swift in Sources */ = {isa = PBXBuildFile; fileRef = 95CC5FCF20D8A64100310344 /* UIView+xib.swift */; };
		95F31C4120D0F8C9000BDAC4 /* AppDelegate.swift in Sources */ = {isa = PBXBuildFile; fileRef = 95F31C4020D0F8C9000BDAC4 /* AppDelegate.swift */; };
		95F31C4320D0F8C9000BDAC4 /* NormalCallVC.swift in Sources */ = {isa = PBXBuildFile; fileRef = 95F31C4220D0F8C9000BDAC4 /* NormalCallVC.swift */; };
		95F31C4620D0F8C9000BDAC4 /* Main.storyboard in Resources */ = {isa = PBXBuildFile; fileRef = 95F31C4420D0F8C9000BDAC4 /* Main.storyboard */; };
		95F31C4820D0F8CA000BDAC4 /* Assets.xcassets in Resources */ = {isa = PBXBuildFile; fileRef = 95F31C4720D0F8CA000BDAC4 /* Assets.xcassets */; };
		95F31C4B20D0F8CA000BDAC4 /* LaunchScreen.storyboard in Resources */ = {isa = PBXBuildFile; fileRef = 95F31C4920D0F8CA000BDAC4 /* LaunchScreen.storyboard */; };
		95F31C5320D20981000BDAC4 /* CallDelegateVC.swift in Sources */ = {isa = PBXBuildFile; fileRef = 95F31C5220D20980000BDAC4 /* CallDelegateVC.swift */; };
		95F31C5520D24789000BDAC4 /* LoginVC.swift in Sources */ = {isa = PBXBuildFile; fileRef = 95F31C5420D24789000BDAC4 /* LoginVC.swift */; };
		95F31C5720D2485A000BDAC4 /* ScreenListVC.swift in Sources */ = {isa = PBXBuildFile; fileRef = 95F31C5620D2485A000BDAC4 /* ScreenListVC.swift */; };
/* End PBXBuildFile section */

/* Begin PBXFileReference section */
		17CA3CCBE1A55DDD5C3CA3C4 /* Pods-HHMSDKDemo.debug.xcconfig */ = {isa = PBXFileReference; includeInIndex = 1; lastKnownFileType = text.xcconfig; name = "Pods-HHMSDKDemo.debug.xcconfig"; path = "Pods/Target Support Files/Pods-HHMSDKDemo/Pods-HHMSDKDemo.debug.xcconfig"; sourceTree = "<group>"; };
		1E58D391FE29A69C0ED16E72 /* Pods-HHMedicineDemo.debug.xcconfig */ = {isa = PBXFileReference; includeInIndex = 1; lastKnownFileType = text.xcconfig; name = "Pods-HHMedicineDemo.debug.xcconfig"; path = "Pods/Target Support Files/Pods-HHMedicineDemo/Pods-HHMedicineDemo.debug.xcconfig"; sourceTree = "<group>"; };
		4D6DB950D99E74522E220E53 /* Pods-HHMSDKDemo.release.xcconfig */ = {isa = PBXFileReference; includeInIndex = 1; lastKnownFileType = text.xcconfig; name = "Pods-HHMSDKDemo.release.xcconfig"; path = "Pods/Target Support Files/Pods-HHMSDKDemo/Pods-HHMSDKDemo.release.xcconfig"; sourceTree = "<group>"; };
		8DDC581BA681F3017F965202 /* Pods_HHMedicineDemo.framework */ = {isa = PBXFileReference; explicitFileType = wrapper.framework; includeInIndex = 0; path = Pods_HHMedicineDemo.framework; sourceTree = BUILT_PRODUCTS_DIR; };
		91E3CF4B615F9A33BC0C964F /* Pods-HHMedicineDemo.release.xcconfig */ = {isa = PBXFileReference; includeInIndex = 1; lastKnownFileType = text.xcconfig; name = "Pods-HHMedicineDemo.release.xcconfig"; path = "Pods/Target Support Files/Pods-HHMedicineDemo/Pods-HHMedicineDemo.release.xcconfig"; sourceTree = "<group>"; };
		95030C4E2295293F00AD6290 /* MedicineHeader.h */ = {isa = PBXFileReference; lastKnownFileType = sourcecode.c.h; path = MedicineHeader.h; sourceTree = "<group>"; };
		95030D28229D2F8D00AD6290 /* zh-Hant */ = {isa = PBXFileReference; lastKnownFileType = text.plist.strings; name = "zh-Hant"; path = "zh-Hant.lproj/Main.strings"; sourceTree = "<group>"; };
		95030D29229D2F8D00AD6290 /* zh-Hant */ = {isa = PBXFileReference; lastKnownFileType = text.plist.strings; name = "zh-Hant"; path = "zh-Hant.lproj/LaunchScreen.strings"; sourceTree = "<group>"; };
		952594812293906E00053058 /* HHWebBrowser.swift */ = {isa = PBXFileReference; fileEncoding = 4; lastKnownFileType = sourcecode.swift; path = HHWebBrowser.swift; sourceTree = "<group>"; };
		9525949A229392B200053058 /* HHMedicineDemo.app */ = {isa = PBXFileReference; explicitFileType = wrapper.application; includeInIndex = 0; path = HHMedicineDemo.app; sourceTree = BUILT_PRODUCTS_DIR; };
		9525949B229392B300053058 /* HHMedicine.plist */ = {isa = PBXFileReference; lastKnownFileType = text.plist.xml; name = HHMedicine.plist; path = /Users/shijian/Documents/H301/iOS_SDK/demos/HHDoctorSDK_demo_iOS/HHMedicine.plist; sourceTree = "<absolute>"; };
		9525949E22939CD000053058 /* AppMedicineDelegate.swift */ = {isa = PBXFileReference; lastKnownFileType = sourcecode.swift; path = AppMedicineDelegate.swift; sourceTree = "<group>"; };
		952594A022939E5500053058 /* Main.storyboard */ = {isa = PBXFileReference; lastKnownFileType = file.storyboard; path = Main.storyboard; sourceTree = "<group>"; };
		952594A222939F4B00053058 /* ScreenListVC.swift */ = {isa = PBXFileReference; lastKnownFileType = sourcecode.swift; path = ScreenListVC.swift; sourceTree = "<group>"; };
		952594A42293A30E00053058 /* LoginVC.swift */ = {isa = PBXFileReference; lastKnownFileType = sourcecode.swift; path = LoginVC.swift; sourceTree = "<group>"; };
		95844E302153A4E800D836F1 /* CoreMotion.framework */ = {isa = PBXFileReference; lastKnownFileType = wrapper.framework; name = CoreMotion.framework; path = System/Library/Frameworks/CoreMotion.framework; sourceTree = SDKROOT; };
		95CC5FCF20D8A64100310344 /* UIView+xib.swift */ = {isa = PBXFileReference; lastKnownFileType = sourcecode.swift; path = "UIView+xib.swift"; sourceTree = "<group>"; };
		95E3293120D9F76A003906D4 /* HHMSDKDemo.entitlements */ = {isa = PBXFileReference; lastKnownFileType = text.plist.entitlements; path = HHMSDKDemo.entitlements; sourceTree = "<group>"; };
		95F31C3D20D0F8C9000BDAC4 /* HHMSDKDemo.app */ = {isa = PBXFileReference; explicitFileType = wrapper.application; includeInIndex = 0; path = HHMSDKDemo.app; sourceTree = BUILT_PRODUCTS_DIR; };
		95F31C4020D0F8C9000BDAC4 /* AppDelegate.swift */ = {isa = PBXFileReference; lastKnownFileType = sourcecode.swift; path = AppDelegate.swift; sourceTree = "<group>"; };
		95F31C4220D0F8C9000BDAC4 /* NormalCallVC.swift */ = {isa = PBXFileReference; lastKnownFileType = sourcecode.swift; path = NormalCallVC.swift; sourceTree = "<group>"; };
		95F31C4520D0F8C9000BDAC4 /* Base */ = {isa = PBXFileReference; lastKnownFileType = file.storyboard; name = Base; path = Base.lproj/Main.storyboard; sourceTree = "<group>"; };
		95F31C4720D0F8CA000BDAC4 /* Assets.xcassets */ = {isa = PBXFileReference; lastKnownFileType = folder.assetcatalog; path = Assets.xcassets; sourceTree = "<group>"; };
		95F31C4A20D0F8CA000BDAC4 /* Base */ = {isa = PBXFileReference; lastKnownFileType = file.storyboard; name = Base; path = Base.lproj/LaunchScreen.storyboard; sourceTree = "<group>"; };
		95F31C4C20D0F8CA000BDAC4 /* Info.plist */ = {isa = PBXFileReference; lastKnownFileType = text.plist.xml; path = Info.plist; sourceTree = "<group>"; };
		95F31C5220D20980000BDAC4 /* CallDelegateVC.swift */ = {isa = PBXFileReference; lastKnownFileType = sourcecode.swift; path = CallDelegateVC.swift; sourceTree = "<group>"; };
		95F31C5420D24789000BDAC4 /* LoginVC.swift */ = {isa = PBXFileReference; lastKnownFileType = sourcecode.swift; path = LoginVC.swift; sourceTree = "<group>"; };
		95F31C5620D2485A000BDAC4 /* ScreenListVC.swift */ = {isa = PBXFileReference; lastKnownFileType = sourcecode.swift; path = ScreenListVC.swift; sourceTree = "<group>"; };
		B8EF2823F6F38130867DF23A /* Pods_HHMSDKDemo.framework */ = {isa = PBXFileReference; explicitFileType = wrapper.framework; includeInIndex = 0; path = Pods_HHMSDKDemo.framework; sourceTree = BUILT_PRODUCTS_DIR; };
/* End PBXFileReference section */

/* Begin PBXFrameworksBuildPhase section */
		9525948D229392B200053058 /* Frameworks */ = {
			isa = PBXFrameworksBuildPhase;
			buildActionMask = 2147483647;
			files = (
				9525948E229392B200053058 /* CoreMotion.framework in Frameworks */,
				7DADA52CAB5875BF3F6E6C18 /* Pods_HHMedicineDemo.framework in Frameworks */,
			);
			runOnlyForDeploymentPostprocessing = 0;
		};
		95F31C3A20D0F8C9000BDAC4 /* Frameworks */ = {
			isa = PBXFrameworksBuildPhase;
			buildActionMask = 2147483647;
			files = (
				95844E312153A4E800D836F1 /* CoreMotion.framework in Frameworks */,
				6AF58710F6F4704A0DDB54DA /* (null) in Frameworks */,
				8CDC226071D1655432DC3BCC /* Pods_HHMSDKDemo.framework in Frameworks */,
			);
			runOnlyForDeploymentPostprocessing = 0;
		};
/* End PBXFrameworksBuildPhase section */

/* Begin PBXGroup section */
		2965255EF491A8B0F6027603 /* Frameworks */ = {
			isa = PBXGroup;
			children = (
				95844E302153A4E800D836F1 /* CoreMotion.framework */,
				8DDC581BA681F3017F965202 /* Pods_HHMedicineDemo.framework */,
				B8EF2823F6F38130867DF23A /* Pods_HHMSDKDemo.framework */,
			);
			name = Frameworks;
			sourceTree = "<group>";
		};
		9525949C22939A6000053058 /* Res */ = {
			isa = PBXGroup;
			children = (
				95F31C4420D0F8C9000BDAC4 /* Main.storyboard */,
				95F31C4720D0F8CA000BDAC4 /* Assets.xcassets */,
				95F31C4920D0F8CA000BDAC4 /* LaunchScreen.storyboard */,
				95F31C4C20D0F8CA000BDAC4 /* Info.plist */,
				9525949B229392B300053058 /* HHMedicine.plist */,
			);
			path = Res;
			sourceTree = "<group>";
		};
		9525949D22939CAB00053058 /* MedicineDemo */ = {
			isa = PBXGroup;
			children = (
				9525949E22939CD000053058 /* AppMedicineDelegate.swift */,
				95030C4E2295293F00AD6290 /* MedicineHeader.h */,
				952594A42293A30E00053058 /* LoginVC.swift */,
				952594A222939F4B00053058 /* ScreenListVC.swift */,
				952594A022939E5500053058 /* Main.storyboard */,
			);
			path = MedicineDemo;
			sourceTree = "<group>";
		};
		95CC5FCE20D8A5FB00310344 /* Utils */ = {
			isa = PBXGroup;
			children = (
				952594812293906E00053058 /* HHWebBrowser.swift */,
				95CC5FCF20D8A64100310344 /* UIView+xib.swift */,
			);
			path = Utils;
			sourceTree = "<group>";
		};
		95F31C3420D0F8C9000BDAC4 = {
			isa = PBXGroup;
			children = (
				95F31C3F20D0F8C9000BDAC4 /* HHMSDKDemo */,
				95F31C3E20D0F8C9000BDAC4 /* Products */,
				FD5EC59F725CD960E73D7FB2 /* Pods */,
				2965255EF491A8B0F6027603 /* Frameworks */,
			);
			sourceTree = "<group>";
		};
		95F31C3E20D0F8C9000BDAC4 /* Products */ = {
			isa = PBXGroup;
			children = (
				95F31C3D20D0F8C9000BDAC4 /* HHMSDKDemo.app */,
				9525949A229392B200053058 /* HHMedicineDemo.app */,
			);
			name = Products;
			sourceTree = "<group>";
		};
		95F31C3F20D0F8C9000BDAC4 /* HHMSDKDemo */ = {
			isa = PBXGroup;
			children = (
				9525949D22939CAB00053058 /* MedicineDemo */,
				95E3293120D9F76A003906D4 /* HHMSDKDemo.entitlements */,
				95F31C4020D0F8C9000BDAC4 /* AppDelegate.swift */,
				95F31C5420D24789000BDAC4 /* LoginVC.swift */,
				95F31C5620D2485A000BDAC4 /* ScreenListVC.swift */,
				95F31C4220D0F8C9000BDAC4 /* NormalCallVC.swift */,
				95F31C5220D20980000BDAC4 /* CallDelegateVC.swift */,
				95CC5FCE20D8A5FB00310344 /* Utils */,
				9525949C22939A6000053058 /* Res */,
			);
			path = HHMSDKDemo;
			sourceTree = "<group>";
		};
		FD5EC59F725CD960E73D7FB2 /* Pods */ = {
			isa = PBXGroup;
			children = (
				17CA3CCBE1A55DDD5C3CA3C4 /* Pods-HHMSDKDemo.debug.xcconfig */,
				4D6DB950D99E74522E220E53 /* Pods-HHMSDKDemo.release.xcconfig */,
				1E58D391FE29A69C0ED16E72 /* Pods-HHMedicineDemo.debug.xcconfig */,
				91E3CF4B615F9A33BC0C964F /* Pods-HHMedicineDemo.release.xcconfig */,
			);
			name = Pods;
			sourceTree = "<group>";
		};
/* End PBXGroup section */

/* Begin PBXNativeTarget section */
		95259483229392B200053058 /* HHMedicineDemo */ = {
			isa = PBXNativeTarget;
			buildConfigurationList = 95259497229392B200053058 /* Build configuration list for PBXNativeTarget "HHMedicineDemo" */;
			buildPhases = (
				95259484229392B200053058 /* [CP] Check Pods Manifest.lock */,
				95259485229392B200053058 /* Sources */,
				9525948D229392B200053058 /* Frameworks */,
				95259490229392B200053058 /* Resources */,
				95259495229392B200053058 /* [CP] Embed Pods Frameworks */,
				95259496229392B200053058 /* [CP] Copy Pods Resources */,
			);
			buildRules = (
			);
			dependencies = (
			);
			name = HHMedicineDemo;
			productName = HHMSDKDemo;
			productReference = 9525949A229392B200053058 /* HHMedicineDemo.app */;
			productType = "com.apple.product-type.application";
		};
		95F31C3C20D0F8C9000BDAC4 /* HHMSDKDemo */ = {
			isa = PBXNativeTarget;
			buildConfigurationList = 95F31C4F20D0F8CA000BDAC4 /* Build configuration list for PBXNativeTarget "HHMSDKDemo" */;
			buildPhases = (
				3F70574BEF14EFDDBC2276D7 /* [CP] Check Pods Manifest.lock */,
				95F31C3920D0F8C9000BDAC4 /* Sources */,
				95F31C3A20D0F8C9000BDAC4 /* Frameworks */,
				95F31C3B20D0F8C9000BDAC4 /* Resources */,
				189548F35CB86E4B07F3E006 /* [CP] Embed Pods Frameworks */,
				86568962CE054DAA62D2B673 /* [CP] Copy Pods Resources */,
			);
			buildRules = (
			);
			dependencies = (
			);
			name = HHMSDKDemo;
			productName = HHMSDKDemo;
			productReference = 95F31C3D20D0F8C9000BDAC4 /* HHMSDKDemo.app */;
			productType = "com.apple.product-type.application";
		};
/* End PBXNativeTarget section */

/* Begin PBXProject section */
		95F31C3520D0F8C9000BDAC4 /* Project object */ = {
			isa = PBXProject;
			attributes = {
				LastSwiftUpdateCheck = 0940;
				LastUpgradeCheck = 0940;
				ORGANIZATIONNAME = shmily;
				TargetAttributes = {
					95F31C3C20D0F8C9000BDAC4 = {
						CreatedOnToolsVersion = 9.4;
						LastSwiftMigration = 1020;
						SystemCapabilities = {
							com.apple.BackgroundModes = {
								enabled = 1;
							};
							com.apple.Push = {
								enabled = 1;
							};
						};
					};
				};
			};
			buildConfigurationList = 95F31C3820D0F8C9000BDAC4 /* Build configuration list for PBXProject "HHMSDKDemo" */;
			compatibilityVersion = "Xcode 9.3";
			developmentRegion = en;
			hasScannedForEncodings = 0;
			knownRegions = (
				en,
				Base,
				"zh-Hant",
			);
			mainGroup = 95F31C3420D0F8C9000BDAC4;
			productRefGroup = 95F31C3E20D0F8C9000BDAC4 /* Products */;
			projectDirPath = "";
			projectRoot = "";
			targets = (
				95F31C3C20D0F8C9000BDAC4 /* HHMSDKDemo */,
				95259483229392B200053058 /* HHMedicineDemo */,
			);
		};
/* End PBXProject section */

/* Begin PBXResourcesBuildPhase section */
		95259490229392B200053058 /* Resources */ = {
			isa = PBXResourcesBuildPhase;
			buildActionMask = 2147483647;
			files = (
				95259491229392B200053058 /* LaunchScreen.storyboard in Resources */,
				95259492229392B200053058 /* Assets.xcassets in Resources */,
				952594A122939E5500053058 /* Main.storyboard in Resources */,
			);
			runOnlyForDeploymentPostprocessing = 0;
		};
		95F31C3B20D0F8C9000BDAC4 /* Resources */ = {
			isa = PBXResourcesBuildPhase;
			buildActionMask = 2147483647;
			files = (
				95F31C4B20D0F8CA000BDAC4 /* LaunchScreen.storyboard in Resources */,
				95F31C4820D0F8CA000BDAC4 /* Assets.xcassets in Resources */,
				95F31C4620D0F8C9000BDAC4 /* Main.storyboard in Resources */,
			);
			runOnlyForDeploymentPostprocessing = 0;
		};
/* End PBXResourcesBuildPhase section */

/* Begin PBXShellScriptBuildPhase section */
		189548F35CB86E4B07F3E006 /* [CP] Embed Pods Frameworks */ = {
			isa = PBXShellScriptBuildPhase;
			buildActionMask = 2147483647;
			files = (
			);
			inputFileListPaths = (
				"${PODS_ROOT}/Target Support Files/Pods-HHMSDKDemo/Pods-HHMSDKDemo-frameworks-${CONFIGURATION}-input-files.xcfilelist",
			);
			name = "[CP] Embed Pods Frameworks";
			outputFileListPaths = (
				"${PODS_ROOT}/Target Support Files/Pods-HHMSDKDemo/Pods-HHMSDKDemo-frameworks-${CONFIGURATION}-output-files.xcfilelist",
			);
			runOnlyForDeploymentPostprocessing = 0;
			shellPath = /bin/sh;
			shellScript = "\"${PODS_ROOT}/Target Support Files/Pods-HHMSDKDemo/Pods-HHMSDKDemo-frameworks.sh\"\n";
			showEnvVarsInLog = 0;
		};
		3F70574BEF14EFDDBC2276D7 /* [CP] Check Pods Manifest.lock */ = {
			isa = PBXShellScriptBuildPhase;
			buildActionMask = 2147483647;
			files = (
			);
			inputPaths = (
				"${PODS_PODFILE_DIR_PATH}/Podfile.lock",
				"${PODS_ROOT}/Manifest.lock",
			);
			name = "[CP] Check Pods Manifest.lock";
			outputPaths = (
				"$(DERIVED_FILE_DIR)/Pods-HHMSDKDemo-checkManifestLockResult.txt",
			);
			runOnlyForDeploymentPostprocessing = 0;
			shellPath = /bin/sh;
			shellScript = "diff \"${PODS_PODFILE_DIR_PATH}/Podfile.lock\" \"${PODS_ROOT}/Manifest.lock\" > /dev/null\nif [ $? != 0 ] ; then\n    # print error to STDERR\n    echo \"error: The sandbox is not in sync with the Podfile.lock. Run 'pod install' or update your CocoaPods installation.\" >&2\n    exit 1\nfi\n# This output is used by Xcode 'outputs' to avoid re-running this script phase.\necho \"SUCCESS\" > \"${SCRIPT_OUTPUT_FILE_0}\"\n";
			showEnvVarsInLog = 0;
		};
		86568962CE054DAA62D2B673 /* [CP] Copy Pods Resources */ = {
			isa = PBXShellScriptBuildPhase;
			buildActionMask = 2147483647;
			files = (
			);
			inputFileListPaths = (
				"${PODS_ROOT}/Target Support Files/Pods-HHMSDKDemo/Pods-HHMSDKDemo-resources-${CONFIGURATION}-input-files.xcfilelist",
			);
			name = "[CP] Copy Pods Resources";
			outputFileListPaths = (
				"${PODS_ROOT}/Target Support Files/Pods-HHMSDKDemo/Pods-HHMSDKDemo-resources-${CONFIGURATION}-output-files.xcfilelist",
			);
			runOnlyForDeploymentPostprocessing = 0;
			shellPath = /bin/sh;
			shellScript = "\"${PODS_ROOT}/Target Support Files/Pods-HHMSDKDemo/Pods-HHMSDKDemo-resources.sh\"\n";
			showEnvVarsInLog = 0;
		};
		95259484229392B200053058 /* [CP] Check Pods Manifest.lock */ = {
			isa = PBXShellScriptBuildPhase;
			buildActionMask = 2147483647;
			files = (
			);
			inputPaths = (
				"${PODS_PODFILE_DIR_PATH}/Podfile.lock",
				"${PODS_ROOT}/Manifest.lock",
			);
			name = "[CP] Check Pods Manifest.lock";
			outputPaths = (
				"$(DERIVED_FILE_DIR)/Pods-HHMedicineDemo-checkManifestLockResult.txt",
			);
			runOnlyForDeploymentPostprocessing = 0;
			shellPath = /bin/sh;
			shellScript = "diff \"${PODS_PODFILE_DIR_PATH}/Podfile.lock\" \"${PODS_ROOT}/Manifest.lock\" > /dev/null\nif [ $? != 0 ] ; then\n    # print error to STDERR\n    echo \"error: The sandbox is not in sync with the Podfile.lock. Run 'pod install' or update your CocoaPods installation.\" >&2\n    exit 1\nfi\n# This output is used by Xcode 'outputs' to avoid re-running this script phase.\necho \"SUCCESS\" > \"${SCRIPT_OUTPUT_FILE_0}\"\n";
			showEnvVarsInLog = 0;
		};
		95259495229392B200053058 /* [CP] Embed Pods Frameworks */ = {
			isa = PBXShellScriptBuildPhase;
			buildActionMask = 2147483647;
			files = (
			);
			inputFileListPaths = (
				"${PODS_ROOT}/Target Support Files/Pods-HHMedicineDemo/Pods-HHMedicineDemo-frameworks-${CONFIGURATION}-input-files.xcfilelist",
			);
			name = "[CP] Embed Pods Frameworks";
			outputFileListPaths = (
				"${PODS_ROOT}/Target Support Files/Pods-HHMedicineDemo/Pods-HHMedicineDemo-frameworks-${CONFIGURATION}-output-files.xcfilelist",
			);
			runOnlyForDeploymentPostprocessing = 0;
			shellPath = /bin/sh;
			shellScript = "\"${PODS_ROOT}/Target Support Files/Pods-HHMedicineDemo/Pods-HHMedicineDemo-frameworks.sh\"\n";
			showEnvVarsInLog = 0;
		};
		95259496229392B200053058 /* [CP] Copy Pods Resources */ = {
			isa = PBXShellScriptBuildPhase;
			buildActionMask = 2147483647;
			files = (
			);
			inputFileListPaths = (
				"${PODS_ROOT}/Target Support Files/Pods-HHMedicineDemo/Pods-HHMedicineDemo-resources-${CONFIGURATION}-input-files.xcfilelist",
			);
			name = "[CP] Copy Pods Resources";
			outputFileListPaths = (
				"${PODS_ROOT}/Target Support Files/Pods-HHMedicineDemo/Pods-HHMedicineDemo-resources-${CONFIGURATION}-output-files.xcfilelist",
			);
			runOnlyForDeploymentPostprocessing = 0;
			shellPath = /bin/sh;
			shellScript = "\"${PODS_ROOT}/Target Support Files/Pods-HHMedicineDemo/Pods-HHMedicineDemo-resources.sh\"\n";
			showEnvVarsInLog = 0;
		};
/* End PBXShellScriptBuildPhase section */

/* Begin PBXSourcesBuildPhase section */
		95259485229392B200053058 /* Sources */ = {
			isa = PBXSourcesBuildPhase;
			buildActionMask = 2147483647;
			files = (
				95259486229392B200053058 /* UIView+xib.swift in Sources */,
				952594A322939F4B00053058 /* ScreenListVC.swift in Sources */,
				952594A52293A30E00053058 /* LoginVC.swift in Sources */,
				95259487229392B200053058 /* HHWebBrowser.swift in Sources */,
				95259488229392B200053058 /* NormalCallVC.swift in Sources */,
				9525949F22939CD000053058 /* AppMedicineDelegate.swift in Sources */,
				9525948C229392B200053058 /* CallDelegateVC.swift in Sources */,
			);
			runOnlyForDeploymentPostprocessing = 0;
		};
		95F31C3920D0F8C9000BDAC4 /* Sources */ = {
			isa = PBXSourcesBuildPhase;
			buildActionMask = 2147483647;
			files = (
				95CC5FD020D8A64100310344 /* UIView+xib.swift in Sources */,
				952594822293906E00053058 /* HHWebBrowser.swift in Sources */,
				95F31C4320D0F8C9000BDAC4 /* NormalCallVC.swift in Sources */,
				95F31C4120D0F8C9000BDAC4 /* AppDelegate.swift in Sources */,
				95F31C5520D24789000BDAC4 /* LoginVC.swift in Sources */,
				95F31C5720D2485A000BDAC4 /* ScreenListVC.swift in Sources */,
				95F31C5320D20981000BDAC4 /* CallDelegateVC.swift in Sources */,
			);
			runOnlyForDeploymentPostprocessing = 0;
		};
/* End PBXSourcesBuildPhase section */

/* Begin PBXVariantGroup section */
		95F31C4420D0F8C9000BDAC4 /* Main.storyboard */ = {
			isa = PBXVariantGroup;
			children = (
				95F31C4520D0F8C9000BDAC4 /* Base */,
				95030D28229D2F8D00AD6290 /* zh-Hant */,
			);
			name = Main.storyboard;
			sourceTree = "<group>";
		};
		95F31C4920D0F8CA000BDAC4 /* LaunchScreen.storyboard */ = {
			isa = PBXVariantGroup;
			children = (
				95F31C4A20D0F8CA000BDAC4 /* Base */,
				95030D29229D2F8D00AD6290 /* zh-Hant */,
			);
			name = LaunchScreen.storyboard;
			sourceTree = "<group>";
		};
/* End PBXVariantGroup section */

/* Begin XCBuildConfiguration section */
		95259498229392B200053058 /* Debug */ = {
			isa = XCBuildConfiguration;
			baseConfigurationReference = 1E58D391FE29A69C0ED16E72 /* Pods-HHMedicineDemo.debug.xcconfig */;
			buildSettings = {
				ASSETCATALOG_COMPILER_APPICON_NAME = AppIcon;
				CLANG_ENABLE_MODULES = YES;
				CODE_SIGN_ENTITLEMENTS = HHMSDKDemo/HHMSDKDemo.entitlements;
				CODE_SIGN_STYLE = Automatic;
				DEVELOPMENT_TEAM = 29X7GPV9P6;
				ENABLE_BITCODE = NO;
				FRAMEWORK_SEARCH_PATHS = "$(inherited)";
				INFOPLIST_FILE = HHMedicine.plist;
				IPHONEOS_DEPLOYMENT_TARGET = 9.3;
				LD_RUNPATH_SEARCH_PATHS = (
					"$(inherited)",
					"@executable_path/Frameworks",
				);
				PRODUCT_BUNDLE_IDENTIFIER = "com.hh-medicine.hhdemo";
				PRODUCT_NAME = "$(TARGET_NAME)";
				SWIFT_OBJC_BRIDGING_HEADER = HHMSDKDemo/MedicineDemo/MedicineHeader.h;
				SWIFT_OPTIMIZATION_LEVEL = "-Onone";
				SWIFT_VERSION = 5.0;
				TARGETED_DEVICE_FAMILY = 1;
			};
			name = Debug;
		};
		95259499229392B200053058 /* Release */ = {
			isa = XCBuildConfiguration;
			baseConfigurationReference = 91E3CF4B615F9A33BC0C964F /* Pods-HHMedicineDemo.release.xcconfig */;
			buildSettings = {
				ASSETCATALOG_COMPILER_APPICON_NAME = AppIcon;
				CLANG_ENABLE_MODULES = YES;
				CODE_SIGN_ENTITLEMENTS = HHMSDKDemo/HHMSDKDemo.entitlements;
				CODE_SIGN_STYLE = Automatic;
				DEVELOPMENT_TEAM = 29X7GPV9P6;
				ENABLE_BITCODE = NO;
				FRAMEWORK_SEARCH_PATHS = "$(inherited)";
				INFOPLIST_FILE = HHMedicine.plist;
				IPHONEOS_DEPLOYMENT_TARGET = 9.3;
				LD_RUNPATH_SEARCH_PATHS = (
					"$(inherited)",
					"@executable_path/Frameworks",
				);
				PRODUCT_BUNDLE_IDENTIFIER = "com.hh-medicine.hhdemo";
				PRODUCT_NAME = "$(TARGET_NAME)";
				SWIFT_OBJC_BRIDGING_HEADER = HHMSDKDemo/MedicineDemo/MedicineHeader.h;
				SWIFT_VERSION = 5.0;
				TARGETED_DEVICE_FAMILY = 1;
			};
			name = Release;
		};
		95F31C4D20D0F8CA000BDAC4 /* Debug */ = {
			isa = XCBuildConfiguration;
			buildSettings = {
				ALWAYS_SEARCH_USER_PATHS = NO;
				CLANG_ANALYZER_LOCALIZABILITY_NONLOCALIZED = YES;
				CLANG_ANALYZER_NONNULL = YES;
				CLANG_ANALYZER_NUMBER_OBJECT_CONVERSION = YES_AGGRESSIVE;
				CLANG_CXX_LANGUAGE_STANDARD = "gnu++14";
				CLANG_CXX_LIBRARY = "libc++";
				CLANG_ENABLE_MODULES = YES;
				CLANG_ENABLE_OBJC_ARC = YES;
				CLANG_ENABLE_OBJC_WEAK = YES;
				CLANG_WARN_BLOCK_CAPTURE_AUTORELEASING = YES;
				CLANG_WARN_BOOL_CONVERSION = YES;
				CLANG_WARN_COMMA = YES;
				CLANG_WARN_CONSTANT_CONVERSION = YES;
				CLANG_WARN_DEPRECATED_OBJC_IMPLEMENTATIONS = YES;
				CLANG_WARN_DIRECT_OBJC_ISA_USAGE = YES_ERROR;
				CLANG_WARN_DOCUMENTATION_COMMENTS = YES;
				CLANG_WARN_EMPTY_BODY = YES;
				CLANG_WARN_ENUM_CONVERSION = YES;
				CLANG_WARN_INFINITE_RECURSION = YES;
				CLANG_WARN_INT_CONVERSION = YES;
				CLANG_WARN_NON_LITERAL_NULL_CONVERSION = YES;
				CLANG_WARN_OBJC_IMPLICIT_RETAIN_SELF = YES;
				CLANG_WARN_OBJC_LITERAL_CONVERSION = YES;
				CLANG_WARN_OBJC_ROOT_CLASS = YES_ERROR;
				CLANG_WARN_RANGE_LOOP_ANALYSIS = YES;
				CLANG_WARN_STRICT_PROTOTYPES = YES;
				CLANG_WARN_SUSPICIOUS_MOVE = YES;
				CLANG_WARN_UNGUARDED_AVAILABILITY = YES_AGGRESSIVE;
				CLANG_WARN_UNREACHABLE_CODE = YES;
				CLANG_WARN__DUPLICATE_METHOD_MATCH = YES;
				CODE_SIGN_IDENTITY = "iPhone Developer";
				COPY_PHASE_STRIP = NO;
				DEBUG_INFORMATION_FORMAT = dwarf;
				ENABLE_STRICT_OBJC_MSGSEND = YES;
				ENABLE_TESTABILITY = YES;
				GCC_C_LANGUAGE_STANDARD = gnu11;
				GCC_DYNAMIC_NO_PIC = NO;
				GCC_NO_COMMON_BLOCKS = YES;
				GCC_OPTIMIZATION_LEVEL = 0;
				GCC_PREPROCESSOR_DEFINITIONS = (
					"DEBUG=1",
					"$(inherited)",
				);
				GCC_WARN_64_TO_32_BIT_CONVERSION = YES;
				GCC_WARN_ABOUT_RETURN_TYPE = YES_ERROR;
				GCC_WARN_UNDECLARED_SELECTOR = YES;
				GCC_WARN_UNINITIALIZED_AUTOS = YES_AGGRESSIVE;
				GCC_WARN_UNUSED_FUNCTION = YES;
				GCC_WARN_UNUSED_VARIABLE = YES;
				IPHONEOS_DEPLOYMENT_TARGET = 11.4;
				MTL_ENABLE_DEBUG_INFO = YES;
				ONLY_ACTIVE_ARCH = YES;
				SDKROOT = iphoneos;
				SWIFT_ACTIVE_COMPILATION_CONDITIONS = DEBUG;
				SWIFT_OPTIMIZATION_LEVEL = "-Onone";
				SWIFT_VERSION = 4.0;
			};
			name = Debug;
		};
		95F31C4E20D0F8CA000BDAC4 /* Release */ = {
			isa = XCBuildConfiguration;
			buildSettings = {
				ALWAYS_SEARCH_USER_PATHS = NO;
				CLANG_ANALYZER_LOCALIZABILITY_NONLOCALIZED = YES;
				CLANG_ANALYZER_NONNULL = YES;
				CLANG_ANALYZER_NUMBER_OBJECT_CONVERSION = YES_AGGRESSIVE;
				CLANG_CXX_LANGUAGE_STANDARD = "gnu++14";
				CLANG_CXX_LIBRARY = "libc++";
				CLANG_ENABLE_MODULES = YES;
				CLANG_ENABLE_OBJC_ARC = YES;
				CLANG_ENABLE_OBJC_WEAK = YES;
				CLANG_WARN_BLOCK_CAPTURE_AUTORELEASING = YES;
				CLANG_WARN_BOOL_CONVERSION = YES;
				CLANG_WARN_COMMA = YES;
				CLANG_WARN_CONSTANT_CONVERSION = YES;
				CLANG_WARN_DEPRECATED_OBJC_IMPLEMENTATIONS = YES;
				CLANG_WARN_DIRECT_OBJC_ISA_USAGE = YES_ERROR;
				CLANG_WARN_DOCUMENTATION_COMMENTS = YES;
				CLANG_WARN_EMPTY_BODY = YES;
				CLANG_WARN_ENUM_CONVERSION = YES;
				CLANG_WARN_INFINITE_RECURSION = YES;
				CLANG_WARN_INT_CONVERSION = YES;
				CLANG_WARN_NON_LITERAL_NULL_CONVERSION = YES;
				CLANG_WARN_OBJC_IMPLICIT_RETAIN_SELF = YES;
				CLANG_WARN_OBJC_LITERAL_CONVERSION = YES;
				CLANG_WARN_OBJC_ROOT_CLASS = YES_ERROR;
				CLANG_WARN_RANGE_LOOP_ANALYSIS = YES;
				CLANG_WARN_STRICT_PROTOTYPES = YES;
				CLANG_WARN_SUSPICIOUS_MOVE = YES;
				CLANG_WARN_UNGUARDED_AVAILABILITY = YES_AGGRESSIVE;
				CLANG_WARN_UNREACHABLE_CODE = YES;
				CLANG_WARN__DUPLICATE_METHOD_MATCH = YES;
				CODE_SIGN_IDENTITY = "iPhone Developer";
				COPY_PHASE_STRIP = NO;
				DEBUG_INFORMATION_FORMAT = "dwarf-with-dsym";
				ENABLE_NS_ASSERTIONS = NO;
				ENABLE_STRICT_OBJC_MSGSEND = YES;
				GCC_C_LANGUAGE_STANDARD = gnu11;
				GCC_NO_COMMON_BLOCKS = YES;
				GCC_WARN_64_TO_32_BIT_CONVERSION = YES;
				GCC_WARN_ABOUT_RETURN_TYPE = YES_ERROR;
				GCC_WARN_UNDECLARED_SELECTOR = YES;
				GCC_WARN_UNINITIALIZED_AUTOS = YES_AGGRESSIVE;
				GCC_WARN_UNUSED_FUNCTION = YES;
				GCC_WARN_UNUSED_VARIABLE = YES;
				IPHONEOS_DEPLOYMENT_TARGET = 11.4;
				MTL_ENABLE_DEBUG_INFO = NO;
				SDKROOT = iphoneos;
				SWIFT_COMPILATION_MODE = wholemodule;
				SWIFT_OPTIMIZATION_LEVEL = "-O";
				SWIFT_VERSION = 4.0;
				VALIDATE_PRODUCT = YES;
			};
			name = Release;
		};
		95F31C5020D0F8CA000BDAC4 /* Debug */ = {
			isa = XCBuildConfiguration;
			baseConfigurationReference = 17CA3CCBE1A55DDD5C3CA3C4 /* Pods-HHMSDKDemo.debug.xcconfig */;
			buildSettings = {
				ASSETCATALOG_COMPILER_APPICON_NAME = AppIcon;
				CLANG_ENABLE_MODULES = YES;
				CODE_SIGN_ENTITLEMENTS = HHMSDKDemo/HHMSDKDemo.entitlements;
				CODE_SIGN_STYLE = Automatic;
				CURRENT_PROJECT_VERSION = 11.22.18;
				DEVELOPMENT_TEAM = 29X7GPV9P6;
				ENABLE_BITCODE = NO;
				FRAMEWORK_SEARCH_PATHS = "$(inherited)";
				INFOPLIST_FILE = "$(SRCROOT)/HHMSDKDemo/Res/Info.plist";
				IPHONEOS_DEPLOYMENT_TARGET = 9.3;
				LD_RUNPATH_SEARCH_PATHS = (
					"$(inherited)",
					"@executable_path/Frameworks",
				);
				MARKETING_VERSION = 2.4.6;
				PRODUCT_BUNDLE_IDENTIFIER = "com.hh-medicine.hhdemo";
				PRODUCT_NAME = "$(TARGET_NAME)";
				SWIFT_OBJC_BRIDGING_HEADER = "";
				SWIFT_OPTIMIZATION_LEVEL = "-Onone";
				SWIFT_VERSION = 5.0;
				TARGETED_DEVICE_FAMILY = 1;
			};
			name = Debug;
		};
		95F31C5120D0F8CA000BDAC4 /* Release */ = {
			isa = XCBuildConfiguration;
			baseConfigurationReference = 4D6DB950D99E74522E220E53 /* Pods-HHMSDKDemo.release.xcconfig */;
			buildSettings = {
				ASSETCATALOG_COMPILER_APPICON_NAME = AppIcon;
				CLANG_ENABLE_MODULES = YES;
				CODE_SIGN_ENTITLEMENTS = HHMSDKDemo/HHMSDKDemo.entitlements;
				CODE_SIGN_STYLE = Automatic;
				CURRENT_PROJECT_VERSION = 11.22.18;
				DEVELOPMENT_TEAM = 29X7GPV9P6;
				ENABLE_BITCODE = NO;
				FRAMEWORK_SEARCH_PATHS = "$(inherited)";
				INFOPLIST_FILE = "$(SRCROOT)/HHMSDKDemo/Res/Info.plist";
				IPHONEOS_DEPLOYMENT_TARGET = 9.3;
				LD_RUNPATH_SEARCH_PATHS = (
					"$(inherited)",
					"@executable_path/Frameworks",
				);
				MARKETING_VERSION = 2.4.6;
				PRODUCT_BUNDLE_IDENTIFIER = "com.hh-medicine.hhdemo";
				PRODUCT_NAME = "$(TARGET_NAME)";
				SWIFT_OBJC_BRIDGING_HEADER = "";
				SWIFT_VERSION = 5.0;
				TARGETED_DEVICE_FAMILY = 1;
			};
			name = Release;
		};
/* End XCBuildConfiguration section */

/* Begin XCConfigurationList section */
		95259497229392B200053058 /* Build configuration list for PBXNativeTarget "HHMedicineDemo" */ = {
			isa = XCConfigurationList;
			buildConfigurations = (
				95259498229392B200053058 /* Debug */,
				95259499229392B200053058 /* Release */,
			);
			defaultConfigurationIsVisible = 0;
			defaultConfigurationName = Release;
		};
		95F31C3820D0F8C9000BDAC4 /* Build configuration list for PBXProject "HHMSDKDemo" */ = {
			isa = XCConfigurationList;
			buildConfigurations = (
				95F31C4D20D0F8CA000BDAC4 /* Debug */,
				95F31C4E20D0F8CA000BDAC4 /* Release */,
			);
			defaultConfigurationIsVisible = 0;
			defaultConfigurationName = Release;
		};
		95F31C4F20D0F8CA000BDAC4 /* Build configuration list for PBXNativeTarget "HHMSDKDemo" */ = {
			isa = XCConfigurationList;
			buildConfigurations = (
				95F31C5020D0F8CA000BDAC4 /* Debug */,
				95F31C5120D0F8CA000BDAC4 /* Release */,
			);
			defaultConfigurationIsVisible = 0;
			defaultConfigurationName = Release;
		};
/* End XCConfigurationList section */
	};
	rootObject = 95F31C3520D0F8C9000BDAC4 /* Project object */;
}
